
Microsoft Visual Studio Solution File, Format Version 12.00
# Visual Studio 14
VisualStudioVersion = 14.0.23107.0
MinimumVisualStudioVersion = 10.0.40219.1
Project("{FAE04EC0-301F-11D3-BF4B-00C04F79EFBC}") = "DDD.WebAPI", "DDD.WebAPI\DDD.WebAPI.csproj", "{9A28CA62-1EDE-42A8-BFA8-CE6E1C3E3D04}"
EndProject
Project("{FAE04EC0-301F-11D3-BF4B-00C04F79EFBC}") = "DDD.Web", "..\DDD.Web\DDD.Web.csproj", "{F9837E0F-ECDA-4EBB-AFA3-A6ED3BAF5B46}"
EndProject
Project("{FAE04EC0-301F-11D3-BF4B-00C04F79EFBC}") = "DDD.Console", "DDD.Console\DDD.Console.csproj", "{9DC9D70A-3BBF-4570-B7D0-D7FBC3F7DBC5}"
EndProject
Project("{2150E333-8FDC-42A3-9474-1A3956D46DE8}") = "Presentation", "Presentation", "{E550EAC0-D44B-4615-AFBC-C95151B13541}"
EndProject
Project("{2150E333-8FDC-42A3-9474-1A3956D46DE8}") = "Application", "Application", "{D255418A-1616-4BC0-A756-9B8F62BD1983}"
EndProject
Project("{FAE04EC0-301F-11D3-BF4B-00C04F79EFBC}") = "DDD.Application", "DDD.Application\DDD.Application.csproj", "{466E65E8-C3F2-46AF-B4DE-B9FE4BFBB2E4}"
EndProject
Project("{2150E333-8FDC-42A3-9474-1A3956D46DE8}") = "Domain", "Domain", "{95324D07-A42B-4945-B94D-20462CCBC2FC}"
EndProject
Project("{FAE04EC0-301F-11D3-BF4B-00C04F79EFBC}") = "DDD.Domain.Model", "DDD.Domain.Model\DDD.Domain.Model.csproj", "{45A57709-D1C3-40B2-A49B-25F334130838}"
EndProject
Project("{FAE04EC0-301F-11D3-BF4B-00C04F79EFBC}") = "DDD.Domain.Service", "DDD.Domain.Service\DDD.Domain.Service.csproj", "{F5838502-A6D5-406A-BA4A-226B9CA32EF5}"
EndProject
Project("{2150E333-8FDC-42A3-9474-1A3956D46DE8}") = "Test", "Test", "{5D9ADD33-C8B1-4FB2-B5AE-A59947D9714A}"
EndProject
Project("{FAE04EC0-301F-11D3-BF4B-00C04F79EFBC}") = "DDD.UnitTest", "DDD.UnitTest\DDD.UnitTest.csproj", "{554FDE52-ED80-4CEC-85F3-EC9361E52176}"
EndProject
Project("{2150E333-8FDC-42A3-9474-1A3956D46DE8}") = "Infrastructure", "Infrastructure", "{C3A9D3E4-27D9-4457-819B-161B851826F4}"
EndProject
Project("{FAE04EC0-301F-11D3-BF4B-00C04F79EFBC}") = "DDD.Infrastructure", "DDD.Infrastructure\DDD.Infrastructure.csproj", "{DAEA9D90-30A8-4A9E-8375-C9391A9645A2}"
EndProject
Project("{FAE04EC0-301F-11D3-BF4B-00C04F79EFBC}") = "DDD.Infrastructure.CrossCutting", "DDD.Infrastructure.CrossCutting\DDD.Infrastructure.CrossCutting.csproj", "{B4BB715E-5CEE-468F-85CD-56F0A62ACA35}"
EndProject
Project("{FAE04EC0-301F-11D3-BF4B-00C04F79EFBC}") = "DDD.Infrastructure.DependencyInjection", "DDD.Infrastructure.DependencyInjection\DDD.Infrastructure.DependencyInjection.csproj", "{48A5E368-B4F9-46DF-B00C-A47BA274127D}"
EndProject
Global
	GlobalSection(SolutionConfigurationPlatforms) = preSolution
		Debug|Any CPU = Debug|Any CPU
		Release|Any CPU = Release|Any CPU
	EndGlobalSection
	GlobalSection(ProjectConfigurationPlatforms) = postSolution
		{9A28CA62-1EDE-42A8-BFA8-CE6E1C3E3D04}.Debug|Any CPU.ActiveCfg = Debug|Any CPU
		{9A28CA62-1EDE-42A8-BFA8-CE6E1C3E3D04}.Debug|Any CPU.Build.0 = Debug|Any CPU
		{9A28CA62-1EDE-42A8-BFA8-CE6E1C3E3D04}.Release|Any CPU.ActiveCfg = Release|Any CPU
		{9A28CA62-1EDE-42A8-BFA8-CE6E1C3E3D04}.Release|Any CPU.Build.0 = Release|Any CPU
		{F9837E0F-ECDA-4EBB-AFA3-A6ED3BAF5B46}.Debug|Any CPU.ActiveCfg = Debug|Any CPU
		{F9837E0F-ECDA-4EBB-AFA3-A6ED3BAF5B46}.Debug|Any CPU.Build.0 = Debug|Any CPU
		{F9837E0F-ECDA-4EBB-AFA3-A6ED3BAF5B46}.Release|Any CPU.ActiveCfg = Release|Any CPU
		{F9837E0F-ECDA-4EBB-AFA3-A6ED3BAF5B46}.Release|Any CPU.Build.0 = Release|Any CPU
		{9DC9D70A-3BBF-4570-B7D0-D7FBC3F7DBC5}.Debug|Any CPU.ActiveCfg = Debug|Any CPU
		{9DC9D70A-3BBF-4570-B7D0-D7FBC3F7DBC5}.Debug|Any CPU.Build.0 = Debug|Any CPU
		{9DC9D70A-3BBF-4570-B7D0-D7FBC3F7DBC5}.Release|Any CPU.ActiveCfg = Release|Any CPU
		{9DC9D70A-3BBF-4570-B7D0-D7FBC3F7DBC5}.Release|Any CPU.Build.0 = Release|Any CPU
		{466E65E8-C3F2-46AF-B4DE-B9FE4BFBB2E4}.Debug|Any CPU.ActiveCfg = Debug|Any CPU
		{466E65E8-C3F2-46AF-B4DE-B9FE4BFBB2E4}.Debug|Any CPU.Build.0 = Debug|Any CPU
		{466E65E8-C3F2-46AF-B4DE-B9FE4BFBB2E4}.Release|Any CPU.ActiveCfg = Release|Any CPU
		{466E65E8-C3F2-46AF-B4DE-B9FE4BFBB2E4}.Release|Any CPU.Build.0 = Release|Any CPU
		{45A57709-D1C3-40B2-A49B-25F334130838}.Debug|Any CPU.ActiveCfg = Debug|Any CPU
		{45A57709-D1C3-40B2-A49B-25F334130838}.Debug|Any CPU.Build.0 = Debug|Any CPU
		{45A57709-D1C3-40B2-A49B-25F334130838}.Release|Any CPU.ActiveCfg = Release|Any CPU
		{45A57709-D1C3-40B2-A49B-25F334130838}.Release|Any CPU.Build.0 = Release|Any CPU
		{F5838502-A6D5-406A-BA4A-226B9CA32EF5}.Debug|Any CPU.ActiveCfg = Debug|Any CPU
		{F5838502-A6D5-406A-BA4A-226B9CA32EF5}.Debug|Any CPU.Build.0 = Debug|Any CPU
		{F5838502-A6D5-406A-BA4A-226B9CA32EF5}.Release|Any CPU.ActiveCfg = Release|Any CPU
		{F5838502-A6D5-406A-BA4A-226B9CA32EF5}.Release|Any CPU.Build.0 = Release|Any CPU
		{554FDE52-ED80-4CEC-85F3-EC9361E52176}.Debug|Any CPU.ActiveCfg = Debug|Any CPU
		{554FDE52-ED80-4CEC-85F3-EC9361E52176}.Debug|Any CPU.Build.0 = Debug|Any CPU
		{554FDE52-ED80-4CEC-85F3-EC9361E52176}.Release|Any CPU.ActiveCfg = Release|Any CPU
		{554FDE52-ED80-4CEC-85F3-EC9361E52176}.Release|Any CPU.Build.0 = Release|Any CPU
		{DAEA9D90-30A8-4A9E-8375-C9391A9645A2}.Debug|Any CPU.ActiveCfg = Debug|Any CPU
		{DAEA9D90-30A8-4A9E-8375-C9391A9645A2}.Debug|Any CPU.Build.0 = Debug|Any CPU
		{DAEA9D90-30A8-4A9E-8375-C9391A9645A2}.Release|Any CPU.ActiveCfg = Release|Any CPU
		{DAEA9D90-30A8-4A9E-8375-C9391A9645A2}.Release|Any CPU.Build.0 = Release|Any CPU
		{B4BB715E-5CEE-468F-85CD-56F0A62ACA35}.Debug|Any CPU.ActiveCfg = Debug|Any CPU
		{B4BB715E-5CEE-468F-85CD-56F0A62ACA35}.Debug|Any CPU.Build.0 = Debug|Any CPU
		{B4BB715E-5CEE-468F-85CD-56F0A62ACA35}.Release|Any CPU.ActiveCfg = Release|Any CPU
		{B4BB715E-5CEE-468F-85CD-56F0A62ACA35}.Release|Any CPU.Build.0 = Release|Any CPU
		{48A5E368-B4F9-46DF-B00C-A47BA274127D}.Debug|Any CPU.ActiveCfg = Debug|Any CPU
		{48A5E368-B4F9-46DF-B00C-A47BA274127D}.Debug|Any CPU.Build.0 = Debug|Any CPU
		{48A5E368-B4F9-46DF-B00C-A47BA274127D}.Release|Any CPU.ActiveCfg = Release|Any CPU
		{48A5E368-B4F9-46DF-B00C-A47BA274127D}.Release|Any CPU.Build.0 = Release|Any CPU
	EndGlobalSection
	GlobalSection(SolutionProperties) = preSolution
		HideSolutionNode = FALSE
	EndGlobalSection
	GlobalSection(NestedProjects) = preSolution
		{9A28CA62-1EDE-42A8-BFA8-CE6E1C3E3D04} = {E550EAC0-D44B-4615-AFBC-C95151B13541}
		{F9837E0F-ECDA-4EBB-AFA3-A6ED3BAF5B46} = {E550EAC0-D44B-4615-AFBC-C95151B13541}
		{9DC9D70A-3BBF-4570-B7D0-D7FBC3F7DBC5} = {E550EAC0-D44B-4615-AFBC-C95151B13541}
		{466E65E8-C3F2-46AF-B4DE-B9FE4BFBB2E4} = {D255418A-1616-4BC0-A756-9B8F62BD1983}
		{45A57709-D1C3-40B2-A49B-25F334130838} = {95324D07-A42B-4945-B94D-20462CCBC2FC}
		{F5838502-A6D5-406A-BA4A-226B9CA32EF5} = {95324D07-A42B-4945-B94D-20462CCBC2FC}
		{554FDE52-ED80-4CEC-85F3-EC9361E52176} = {5D9ADD33-C8B1-4FB2-B5AE-A59947D9714A}
		{DAEA9D90-30A8-4A9E-8375-C9391A9645A2} = {C3A9D3E4-27D9-4457-819B-161B851826F4}
		{B4BB715E-5CEE-468F-85CD-56F0A62ACA35} = {C3A9D3E4-27D9-4457-819B-161B851826F4}
		{48A5E368-B4F9-46DF-B00C-A47BA274127D} = {C3A9D3E4-27D9-4457-819B-161B851826F4}
	EndGlobalSection
EndGlobal
